
Microsoft Visual Studio Solution File, Format Version 12.00
# Visual Studio Version 17
VisualStudioVersion = 17.11.35312.102
MinimumVisualStudioVersion = 10.0.40219.1
Project("{9A19103F-16F7-4668-BE54-9A1E7A4F7556}") = "WindowsAPITest", "WindowsAPITest\WindowsAPITest.csproj", "{F9E19E01-E01A-475D-AAE1-CB8CD14CE1CE}"
	ProjectSection(ProjectDependencies) = postProject
		{D5B28316-4A2D-4DD9-9A63-47DD31EEF812} = {D5B28316-4A2D-4DD9-9A63-47DD31EEF812}
	EndProjectSection
EndProject
Project("{FAE04EC0-301F-11D3-BF4B-00C04F79EFBC}") = "QW32Lib", "QW32Lib\QW32Lib.csproj", "{D5B28316-4A2D-4DD9-9A63-47DD31EEF812}"
EndProject
Global
	GlobalSection(SolutionConfigurationPlatforms) = preSolution
		Debug|Any CPU = Debug|Any CPU
		Release|Any CPU = Release|Any CPU
	EndGlobalSection
	GlobalSection(ProjectConfigurationPlatforms) = postSolution
		{F9E19E01-E01A-475D-AAE1-CB8CD14CE1CE}.Debug|Any CPU.ActiveCfg = Debug|Any CPU
		{F9E19E01-E01A-475D-AAE1-CB8CD14CE1CE}.Debug|Any CPU.Build.0 = Debug|Any CPU
		{F9E19E01-E01A-475D-AAE1-CB8CD14CE1CE}.Release|Any CPU.ActiveCfg = Release|Any CPU
		{F9E19E01-E01A-475D-AAE1-CB8CD14CE1CE}.Release|Any CPU.Build.0 = Release|Any CPU
		{D5B28316-4A2D-4DD9-9A63-47DD31EEF812}.Debug|Any CPU.ActiveCfg = Debug|Any CPU
		{D5B28316-4A2D-4DD9-9A63-47DD31EEF812}.Debug|Any CPU.Build.0 = Debug|Any CPU
		{D5B28316-4A2D-4DD9-9A63-47DD31EEF812}.Release|Any CPU.ActiveCfg = Release|Any CPU
		{D5B28316-4A2D-4DD9-9A63-47DD31EEF812}.Release|Any CPU.Build.0 = Release|Any CPU
	EndGlobalSection
	GlobalSection(SolutionProperties) = preSolution
		HideSolutionNode = FALSE
	EndGlobalSection
	GlobalSection(ExtensibilityGlobals) = postSolution
		SolutionGuid = {92318547-7B13-47F1-A69C-13A5BD502D89}
	EndGlobalSection
EndGlobal
